{
  "name": "react-native-secp256k1-closest-ecp",
  "version": "0.0.1",
  "lockfileVersion": 1,
  "requires": true,
  "dependencies": {
    "base64-js": {
      "version": "1.5.1",
      "resolved": "https://registry.npmjs.org/base64-js/-/base64-js-1.5.1.tgz",
      "integrity": "sha512-AKpaYlHn8t4SVbOHCy+b5+KKgvR4vrsD8vbvrbiQJps7fKDTkjkDry6ji0rUJjC0kzbNePLwzxq8iypo41qeWA=="
    },
    "bn.js": {
      "version": "4.12.0",
      "resolved": "https://registry.npmjs.org/bn.js/-/bn.js-4.12.0.tgz",
      "integrity": "sha512-c98Bf3tPniI+scsdk237ku1Dc3ujXQTSgyiPUDEOe7tRkhrqridvh8klBv0HCEso1OLOYcHuCv/cS6DNxKH+ZA=="
    },
    "react-native-securerandom": {
      "version": "1.0.0",
      "resolved": "https://registry.npmjs.org/react-native-securerandom/-/react-native-securerandom-1.0.0.tgz",
      "integrity": "sha512-lnhcsWloFzMN/HffyDBlh4VlqdhDH8uxEzUIH3aJPgC1PxV6OKZkvAk409EwsAhcmG/z3yZuVKegKpUr5IM9ug==",
      "requires": {
        "base64-js": "*"
      }
    }
  }
}
